
Microsoft Visual Studio Solution File, Format Version 12.00
# Visual Studio Version 17
VisualStudioVersion = 17.12.35514.174 d17.12
MinimumVisualStudioVersion = 10.0.40219.1
Project("{00D1A9C2-B5F0-4AF3-8072-F6C62B433612}") = "Ejercicio1", "Ejercicio1\Ejercicio1.sqlproj", "{51A26B1D-BE98-4645-862E-09CFD8C00773}"
EndProject
Global
	GlobalSection(SolutionConfigurationPlatforms) = preSolution
		Debug|Any CPU = Debug|Any CPU
		Release|Any CPU = Release|Any CPU
	EndGlobalSection
	GlobalSection(ProjectConfigurationPlatforms) = postSolution
		{51A26B1D-BE98-4645-862E-09CFD8C00773}.Debug|Any CPU.ActiveCfg = Debug|Any CPU
		{51A26B1D-BE98-4645-862E-09CFD8C00773}.Debug|Any CPU.Build.0 = Debug|Any CPU
		{51A26B1D-BE98-4645-862E-09CFD8C00773}.Debug|Any CPU.Deploy.0 = Debug|Any CPU
		{51A26B1D-BE98-4645-862E-09CFD8C00773}.Release|Any CPU.ActiveCfg = Release|Any CPU
		{51A26B1D-BE98-4645-862E-09CFD8C00773}.Release|Any CPU.Build.0 = Release|Any CPU
		{51A26B1D-BE98-4645-862E-09CFD8C00773}.Release|Any CPU.Deploy.0 = Release|Any CPU
	EndGlobalSection
	GlobalSection(SolutionProperties) = preSolution
		HideSolutionNode = FALSE
	EndGlobalSection
EndGlobal
